// !$*UTF8*$!
{
	archiveVersion = 1;
	classes = {
	};
	objectVersion = 48;
	objects = {

/* Begin PBXBuildFile section */
		6E67AF0CFC61AA4EE9DEC36D /* Pods_SnapchatApp.framework in Frameworks */ = {isa = PBXBuildFile; fileRef = 246862576CE09F149FC0382E /* Pods_SnapchatApp.framework */; };
		A607414F2189EE5B008BBB75 /* AppDelegate.swift in Sources */ = {isa = PBXBuildFile; fileRef = A607414E2189EE5B008BBB75 /* AppDelegate.swift */; };
		A60741512189EE5B008BBB75 /* iniciarSesionViewController.swift in Sources */ = {isa = PBXBuildFile; fileRef = A60741502189EE5B008BBB75 /* iniciarSesionViewController.swift */; };
		A60741542189EE5B008BBB75 /* Main.storyboard in Resources */ = {isa = PBXBuildFile; fileRef = A60741522189EE5B008BBB75 /* Main.storyboard */; };
		A60741572189EE5B008BBB75 /* SnapchatApp.xcdatamodeld in Sources */ = {isa = PBXBuildFile; fileRef = A60741552189EE5B008BBB75 /* SnapchatApp.xcdatamodeld */; };
		A60741592189EE5B008BBB75 /* Assets.xcassets in Resources */ = {isa = PBXBuildFile; fileRef = A60741582189EE5B008BBB75 /* Assets.xcassets */; };
		A607415C2189EE5B008BBB75 /* LaunchScreen.storyboard in Resources */ = {isa = PBXBuildFile; fileRef = A607415A2189EE5B008BBB75 /* LaunchScreen.storyboard */; };
		A63AE1F4218D015300B45FF0 /* Usuario.swift in Sources */ = {isa = PBXBuildFile; fileRef = A63AE1F3218D015300B45FF0 /* Usuario.swift */; };
		A65D4D0D2189EF48006141CF /* GoogleService-Info.plist in Resources */ = {isa = PBXBuildFile; fileRef = A65D4D0C2189EF48006141CF /* GoogleService-Info.plist */; };
		A67F1F282193821F0076A0DC /* Snap.swift in Sources */ = {isa = PBXBuildFile; fileRef = A67F1F272193821F0076A0DC /* Snap.swift */; };
		A6E19A6621962CA7004EF48C /* VerSnapViewController.swift in Sources */ = {isa = PBXBuildFile; fileRef = A6E19A6521962CA7004EF48C /* VerSnapViewController.swift */; };
		A6E7182E218A247F0050A817 /* SnapsViewController.swift in Sources */ = {isa = PBXBuildFile; fileRef = A6E7182D218A247F0050A817 /* SnapsViewController.swift */; };
		A6E71830218A2CA60050A817 /* ImagenViewController.swift in Sources */ = {isa = PBXBuildFile; fileRef = A6E7182F218A2CA60050A817 /* ImagenViewController.swift */; };
		A6E71832218A46860050A817 /* ElegirUsuarioViewController.swift in Sources */ = {isa = PBXBuildFile; fileRef = A6E71831218A46860050A817 /* ElegirUsuarioViewController.swift */; };
/* End PBXBuildFile section */

/* Begin PBXFileReference section */
		17DAB4C15E4F584B93AE93C1 /* Pods-SnapchatApp.debug.xcconfig */ = {isa = PBXFileReference; includeInIndex = 1; lastKnownFileType = text.xcconfig; name = "Pods-SnapchatApp.debug.xcconfig"; path = "Pods/Target Support Files/Pods-SnapchatApp/Pods-SnapchatApp.debug.xcconfig"; sourceTree = "<group>"; };
		246862576CE09F149FC0382E /* Pods_SnapchatApp.framework */ = {isa = PBXFileReference; explicitFileType = wrapper.framework; includeInIndex = 0; path = Pods_SnapchatApp.framework; sourceTree = BUILT_PRODUCTS_DIR; };
		5419F596ABE8C2756A1FAFA1 /* Pods-SnapchatApp.release.xcconfig */ = {isa = PBXFileReference; includeInIndex = 1; lastKnownFileType = text.xcconfig; name = "Pods-SnapchatApp.release.xcconfig"; path = "Pods/Target Support Files/Pods-SnapchatApp/Pods-SnapchatApp.release.xcconfig"; sourceTree = "<group>"; };
		A607414B2189EE5B008BBB75 /* SnapchatApp.app */ = {isa = PBXFileReference; explicitFileType = wrapper.application; includeInIndex = 0; path = SnapchatApp.app; sourceTree = BUILT_PRODUCTS_DIR; };
		A607414E2189EE5B008BBB75 /* AppDelegate.swift */ = {isa = PBXFileReference; lastKnownFileType = sourcecode.swift; path = AppDelegate.swift; sourceTree = "<group>"; };
		A60741502189EE5B008BBB75 /* iniciarSesionViewController.swift */ = {isa = PBXFileReference; lastKnownFileType = sourcecode.swift; path = iniciarSesionViewController.swift; sourceTree = "<group>"; };
		A60741532189EE5B008BBB75 /* Base */ = {isa = PBXFileReference; lastKnownFileType = file.storyboard; name = Base; path = Base.lproj/Main.storyboard; sourceTree = "<group>"; };
		A60741562189EE5B008BBB75 /* SnapchatApp.xcdatamodel */ = {isa = PBXFileReference; lastKnownFileType = wrapper.xcdatamodel; path = SnapchatApp.xcdatamodel; sourceTree = "<group>"; };
		A60741582189EE5B008BBB75 /* Assets.xcassets */ = {isa = PBXFileReference; lastKnownFileType = folder.assetcatalog; path = Assets.xcassets; sourceTree = "<group>"; };
		A607415B2189EE5B008BBB75 /* Base */ = {isa = PBXFileReference; lastKnownFileType = file.storyboard; name = Base; path = Base.lproj/LaunchScreen.storyboard; sourceTree = "<group>"; };
		A607415D2189EE5B008BBB75 /* Info.plist */ = {isa = PBXFileReference; lastKnownFileType = text.plist.xml; path = Info.plist; sourceTree = "<group>"; };
		A63AE1F3218D015300B45FF0 /* Usuario.swift */ = {isa = PBXFileReference; lastKnownFileType = sourcecode.swift; path = Usuario.swift; sourceTree = "<group>"; };
		A65D4D0C2189EF48006141CF /* GoogleService-Info.plist */ = {isa = PBXFileReference; fileEncoding = 4; lastKnownFileType = text.plist.xml; path = "GoogleService-Info.plist"; sourceTree = "<group>"; };
		A67F1F272193821F0076A0DC /* Snap.swift */ = {isa = PBXFileReference; lastKnownFileType = sourcecode.swift; path = Snap.swift; sourceTree = "<group>"; };
		A6E19A6521962CA7004EF48C /* VerSnapViewController.swift */ = {isa = PBXFileReference; lastKnownFileType = sourcecode.swift; path = VerSnapViewController.swift; sourceTree = "<group>"; };
		A6E7182C218A22A50050A817 /* SnapchatApp.entitlements */ = {isa = PBXFileReference; lastKnownFileType = text.plist.entitlements; path = SnapchatApp.entitlements; sourceTree = "<group>"; };
		A6E7182D218A247F0050A817 /* SnapsViewController.swift */ = {isa = PBXFileReference; lastKnownFileType = sourcecode.swift; path = SnapsViewController.swift; sourceTree = "<group>"; };
		A6E7182F218A2CA60050A817 /* ImagenViewController.swift */ = {isa = PBXFileReference; lastKnownFileType = sourcecode.swift; path = ImagenViewController.swift; sourceTree = "<group>"; };
		A6E71831218A46860050A817 /* ElegirUsuarioViewController.swift */ = {isa = PBXFileReference; lastKnownFileType = sourcecode.swift; path = ElegirUsuarioViewController.swift; sourceTree = "<group>"; };
/* End PBXFileReference section */

/* Begin PBXFrameworksBuildPhase section */
		A60741482189EE5B008BBB75 /* Frameworks */ = {
			isa = PBXFrameworksBuildPhase;
			buildActionMask = 2147483647;
			files = (
				6E67AF0CFC61AA4EE9DEC36D /* Pods_SnapchatApp.framework in Frameworks */,
			);
			runOnlyForDeploymentPostprocessing = 0;
		};
/* End PBXFrameworksBuildPhase section */

/* Begin PBXGroup section */
		A60741422189EE5B008BBB75 = {
			isa = PBXGroup;
			children = (
				A607414D2189EE5B008BBB75 /* SnapchatApp */,
				A607414C2189EE5B008BBB75 /* Products */,
				F5043EF110A9343A754F3ABE /* Pods */,
				E073D2F3E685DC567291B3EC /* Frameworks */,
			);
			sourceTree = "<group>";
		};
		A607414C2189EE5B008BBB75 /* Products */ = {
			isa = PBXGroup;
			children = (
				A607414B2189EE5B008BBB75 /* SnapchatApp.app */,
			);
			name = Products;
			sourceTree = "<group>";
		};
		A607414D2189EE5B008BBB75 /* SnapchatApp */ = {
			isa = PBXGroup;
			children = (
				A63AE1F2218D013800B45FF0 /* Modelos */,
				A63AE1F1218D009B00B45FF0 /* ViewControllers */,
				A6E7182C218A22A50050A817 /* SnapchatApp.entitlements */,
				A65D4D0C2189EF48006141CF /* GoogleService-Info.plist */,
				A607414E2189EE5B008BBB75 /* AppDelegate.swift */,
				A60741522189EE5B008BBB75 /* Main.storyboard */,
				A60741582189EE5B008BBB75 /* Assets.xcassets */,
				A607415A2189EE5B008BBB75 /* LaunchScreen.storyboard */,
				A607415D2189EE5B008BBB75 /* Info.plist */,
				A60741552189EE5B008BBB75 /* SnapchatApp.xcdatamodeld */,
			);
			path = SnapchatApp;
			sourceTree = "<group>";
		};
		A63AE1F1218D009B00B45FF0 /* ViewControllers */ = {
			isa = PBXGroup;
			children = (
				A6E7182F218A2CA60050A817 /* ImagenViewController.swift */,
				A6E71831218A46860050A817 /* ElegirUsuarioViewController.swift */,
				A6E7182D218A247F0050A817 /* SnapsViewController.swift */,
				A60741502189EE5B008BBB75 /* iniciarSesionViewController.swift */,
				A6E19A6521962CA7004EF48C /* VerSnapViewController.swift */,
			);
			path = ViewControllers;
			sourceTree = "<group>";
		};
		A63AE1F2218D013800B45FF0 /* Modelos */ = {
			isa = PBXGroup;
			children = (
				A63AE1F3218D015300B45FF0 /* Usuario.swift */,
				A67F1F272193821F0076A0DC /* Snap.swift */,
			);
			path = Modelos;
			sourceTree = "<group>";
		};
		E073D2F3E685DC567291B3EC /* Frameworks */ = {
			isa = PBXGroup;
			children = (
				246862576CE09F149FC0382E /* Pods_SnapchatApp.framework */,
			);
			name = Frameworks;
			sourceTree = "<group>";
		};
		F5043EF110A9343A754F3ABE /* Pods */ = {
			isa = PBXGroup;
			children = (
				17DAB4C15E4F584B93AE93C1 /* Pods-SnapchatApp.debug.xcconfig */,
				5419F596ABE8C2756A1FAFA1 /* Pods-SnapchatApp.release.xcconfig */,
			);
			name = Pods;
			sourceTree = "<group>";
		};
/* End PBXGroup section */

/* Begin PBXNativeTarget section */
		A607414A2189EE5B008BBB75 /* SnapchatApp */ = {
			isa = PBXNativeTarget;
			buildConfigurationList = A60741602189EE5B008BBB75 /* Build configuration list for PBXNativeTarget "SnapchatApp" */;
			buildPhases = (
				A7D9CFABFBDF59492A903C38 /* [CP] Check Pods Manifest.lock */,
				A60741472189EE5B008BBB75 /* Sources */,
				A60741482189EE5B008BBB75 /* Frameworks */,
				A60741492189EE5B008BBB75 /* Resources */,
				F746FF74B57F80688B6FAF78 /* [CP] Embed Pods Frameworks */,
			);
			buildRules = (
			);
			dependencies = (
			);
			name = SnapchatApp;
			productName = SnapchatApp;
			productReference = A607414B2189EE5B008BBB75 /* SnapchatApp.app */;
			productType = "com.apple.product-type.application";
		};
/* End PBXNativeTarget section */

/* Begin PBXProject section */
		A60741432189EE5B008BBB75 /* Project object */ = {
			isa = PBXProject;
			attributes = {
				LastSwiftUpdateCheck = 0920;
				LastUpgradeCheck = 0920;
				ORGANIZATIONNAME = Tecsup;
				TargetAttributes = {
					A607414A2189EE5B008BBB75 = {
						CreatedOnToolsVersion = 9.2;
						ProvisioningStyle = Automatic;
						SystemCapabilities = {
							com.apple.Keychain = {
								enabled = 1;
							};
						};
					};
				};
			};
			buildConfigurationList = A60741462189EE5B008BBB75 /* Build configuration list for PBXProject "SnapchatApp" */;
			compatibilityVersion = "Xcode 8.0";
			developmentRegion = en;
			hasScannedForEncodings = 0;
			knownRegions = (
				en,
				Base,
			);
			mainGroup = A60741422189EE5B008BBB75;
			productRefGroup = A607414C2189EE5B008BBB75 /* Products */;
			projectDirPath = "";
			projectRoot = "";
			targets = (
				A607414A2189EE5B008BBB75 /* SnapchatApp */,
			);
		};
/* End PBXProject section */

/* Begin PBXResourcesBuildPhase section */
		A60741492189EE5B008BBB75 /* Resources */ = {
			isa = PBXResourcesBuildPhase;
			buildActionMask = 2147483647;
			files = (
				A607415C2189EE5B008BBB75 /* LaunchScreen.storyboard in Resources */,
				A65D4D0D2189EF48006141CF /* GoogleService-Info.plist in Resources */,
				A60741592189EE5B008BBB75 /* Assets.xcassets in Resources */,
				A60741542189EE5B008BBB75 /* Main.storyboard in Resources */,
			);
			runOnlyForDeploymentPostprocessing = 0;
		};
/* End PBXResourcesBuildPhase section */

/* Begin PBXShellScriptBuildPhase section */
		A7D9CFABFBDF59492A903C38 /* [CP] Check Pods Manifest.lock */ = {
			isa = PBXShellScriptBuildPhase;
			buildActionMask = 2147483647;
			files = (
			);
			inputPaths = (
				"${PODS_PODFILE_DIR_PATH}/Podfile.lock",
				"${PODS_ROOT}/Manifest.lock",
			);
			name = "[CP] Check Pods Manifest.lock";
			outputPaths = (
				"$(DERIVED_FILE_DIR)/Pods-SnapchatApp-checkManifestLockResult.txt",
			);
			runOnlyForDeploymentPostprocessing = 0;
			shellPath = /bin/sh;
			shellScript = "diff \"${PODS_PODFILE_DIR_PATH}/Podfile.lock\" \"${PODS_ROOT}/Manifest.lock\" > /dev/null\nif [ $? != 0 ] ; then\n    # print error to STDERR\n    echo \"error: The sandbox is not in sync with the Podfile.lock. Run 'pod install' or update your CocoaPods installation.\" >&2\n    exit 1\nfi\n# This output is used by Xcode 'outputs' to avoid re-running this script phase.\necho \"SUCCESS\" > \"${SCRIPT_OUTPUT_FILE_0}\"\n";
			showEnvVarsInLog = 0;
		};
		F746FF74B57F80688B6FAF78 /* [CP] Embed Pods Frameworks */ = {
			isa = PBXShellScriptBuildPhase;
			buildActionMask = 2147483647;
			files = (
			);
			inputPaths = (
				"${SRCROOT}/Pods/Target Support Files/Pods-SnapchatApp/Pods-SnapchatApp-frameworks.sh",
				"${BUILT_PRODUCTS_DIR}/GTMSessionFetcher/GTMSessionFetcher.framework",
				"${BUILT_PRODUCTS_DIR}/GoogleToolboxForMac/GoogleToolboxForMac.framework",
				"${BUILT_PRODUCTS_DIR}/SDWebImage/SDWebImage.framework",
			);
			name = "[CP] Embed Pods Frameworks";
			outputPaths = (
				"${TARGET_BUILD_DIR}/${FRAMEWORKS_FOLDER_PATH}/GTMSessionFetcher.framework",
				"${TARGET_BUILD_DIR}/${FRAMEWORKS_FOLDER_PATH}/GoogleToolboxForMac.framework",
				"${TARGET_BUILD_DIR}/${FRAMEWORKS_FOLDER_PATH}/SDWebImage.framework",
			);
			runOnlyForDeploymentPostprocessing = 0;
			shellPath = /bin/sh;
			shellScript = "\"${SRCROOT}/Pods/Target Support Files/Pods-SnapchatApp/Pods-SnapchatApp-frameworks.sh\"\n";
			showEnvVarsInLog = 0;
		};
/* End PBXShellScriptBuildPhase section */

/* Begin PBXSourcesBuildPhase section */
		A60741472189EE5B008BBB75 /* Sources */ = {
			isa = PBXSourcesBuildPhase;
			buildActionMask = 2147483647;
			files = (
				A6E7182E218A247F0050A817 /* SnapsViewController.swift in Sources */,
				A6E71830218A2CA60050A817 /* ImagenViewController.swift in Sources */,
				A63AE1F4218D015300B45FF0 /* Usuario.swift in Sources */,
				A60741512189EE5B008BBB75 /* iniciarSesionViewController.swift in Sources */,
				A6E19A6621962CA7004EF48C /* VerSnapViewController.swift in Sources */,
				A607414F2189EE5B008BBB75 /* AppDelegate.swift in Sources */,
				A60741572189EE5B008BBB75 /* SnapchatApp.xcdatamodeld in Sources */,
				A6E71832218A46860050A817 /* ElegirUsuarioViewController.swift in Sources */,
				A67F1F282193821F0076A0DC /* Snap.swift in Sources */,
			);
			runOnlyForDeploymentPostprocessing = 0;
		};
/* End PBXSourcesBuildPhase section */

/* Begin PBXVariantGroup section */
		A60741522189EE5B008BBB75 /* Main.storyboard */ = {
			isa = PBXVariantGroup;
			children = (
				A60741532189EE5B008BBB75 /* Base */,
			);
			name = Main.storyboard;
			sourceTree = "<group>";
		};
		A607415A2189EE5B008BBB75 /* LaunchScreen.storyboard */ = {
			isa = PBXVariantGroup;
			children = (
				A607415B2189EE5B008BBB75 /* Base */,
			);
			name = LaunchScreen.storyboard;
			sourceTree = "<group>";
		};
/* End PBXVariantGroup section */

/* Begin XCBuildConfiguration section */
		A607415E2189EE5B008BBB75 /* Debug */ = {
			isa = XCBuildConfiguration;
			buildSettings = {
				ALWAYS_SEARCH_USER_PATHS = NO;
				CLANG_ANALYZER_NONNULL = YES;
				CLANG_ANALYZER_NUMBER_OBJECT_CONVERSION = YES_AGGRESSIVE;
				CLANG_CXX_LANGUAGE_STANDARD = "gnu++14";
				CLANG_CXX_LIBRARY = "libc++";
				CLANG_ENABLE_MODULES = YES;
				CLANG_ENABLE_OBJC_ARC = YES;
				CLANG_WARN_BLOCK_CAPTURE_AUTORELEASING = YES;
				CLANG_WARN_BOOL_CONVERSION = YES;
				CLANG_WARN_COMMA = YES;
				CLANG_WARN_CONSTANT_CONVERSION = YES;
				CLANG_WARN_DIRECT_OBJC_ISA_USAGE = YES_ERROR;
				CLANG_WARN_DOCUMENTATION_COMMENTS = YES;
				CLANG_WARN_EMPTY_BODY = YES;
				CLANG_WARN_ENUM_CONVERSION = YES;
				CLANG_WARN_INFINITE_RECURSION = YES;
				CLANG_WARN_INT_CONVERSION = YES;
				CLANG_WARN_NON_LITERAL_NULL_CONVERSION = YES;
				CLANG_WARN_OBJC_LITERAL_CONVERSION = YES;
				CLANG_WARN_OBJC_ROOT_CLASS = YES_ERROR;
				CLANG_WARN_RANGE_LOOP_ANALYSIS = YES;
				CLANG_WARN_STRICT_PROTOTYPES = YES;
				CLANG_WARN_SUSPICIOUS_MOVE = YES;
				CLANG_WARN_UNGUARDED_AVAILABILITY = YES_AGGRESSIVE;
				CLANG_WARN_UNREACHABLE_CODE = YES;
				CLANG_WARN__DUPLICATE_METHOD_MATCH = YES;
				CODE_SIGN_IDENTITY = "iPhone Developer";
				COPY_PHASE_STRIP = NO;
				DEBUG_INFORMATION_FORMAT = dwarf;
				ENABLE_STRICT_OBJC_MSGSEND = YES;
				ENABLE_TESTABILITY = YES;
				GCC_C_LANGUAGE_STANDARD = gnu11;
				GCC_DYNAMIC_NO_PIC = NO;
				GCC_NO_COMMON_BLOCKS = YES;
				GCC_OPTIMIZATION_LEVEL = 0;
				GCC_PREPROCESSOR_DEFINITIONS = (
					"DEBUG=1",
					"$(inherited)",
				);
				GCC_WARN_64_TO_32_BIT_CONVERSION = YES;
				GCC_WARN_ABOUT_RETURN_TYPE = YES_ERROR;
				GCC_WARN_UNDECLARED_SELECTOR = YES;
				GCC_WARN_UNINITIALIZED_AUTOS = YES_AGGRESSIVE;
				GCC_WARN_UNUSED_FUNCTION = YES;
				GCC_WARN_UNUSED_VARIABLE = YES;
				IPHONEOS_DEPLOYMENT_TARGET = 11.2;
				MTL_ENABLE_DEBUG_INFO = YES;
				ONLY_ACTIVE_ARCH = YES;
				SDKROOT = iphoneos;
				SWIFT_ACTIVE_COMPILATION_CONDITIONS = DEBUG;
				SWIFT_OPTIMIZATION_LEVEL = "-Onone";
			};
			name = Debug;
		};
		A607415F2189EE5B008BBB75 /* Release */ = {
			isa = XCBuildConfiguration;
			buildSettings = {
				ALWAYS_SEARCH_USER_PATHS = NO;
				CLANG_ANALYZER_NONNULL = YES;
				CLANG_ANALYZER_NUMBER_OBJECT_CONVERSION = YES_AGGRESSIVE;
				CLANG_CXX_LANGUAGE_STANDARD = "gnu++14";
				CLANG_CXX_LIBRARY = "libc++";
				CLANG_ENABLE_MODULES = YES;
				CLANG_ENABLE_OBJC_ARC = YES;
				CLANG_WARN_BLOCK_CAPTURE_AUTORELEASING = YES;
				CLANG_WARN_BOOL_CONVERSION = YES;
				CLANG_WARN_COMMA = YES;
				CLANG_WARN_CONSTANT_CONVERSION = YES;
				CLANG_WARN_DIRECT_OBJC_ISA_USAGE = YES_ERROR;
				CLANG_WARN_DOCUMENTATION_COMMENTS = YES;
				CLANG_WARN_EMPTY_BODY = YES;
				CLANG_WARN_ENUM_CONVERSION = YES;
				CLANG_WARN_INFINITE_RECURSION = YES;
				CLANG_WARN_INT_CONVERSION = YES;
				CLANG_WARN_NON_LITERAL_NULL_CONVERSION = YES;
				CLANG_WARN_OBJC_LITERAL_CONVERSION = YES;
				CLANG_WARN_OBJC_ROOT_CLASS = YES_ERROR;
				CLANG_WARN_RANGE_LOOP_ANALYSIS = YES;
				CLANG_WARN_STRICT_PROTOTYPES = YES;
				CLANG_WARN_SUSPICIOUS_MOVE = YES;
				CLANG_WARN_UNGUARDED_AVAILABILITY = YES_AGGRESSIVE;
				CLANG_WARN_UNREACHABLE_CODE = YES;
				CLANG_WARN__DUPLICATE_METHOD_MATCH = YES;
				CODE_SIGN_IDENTITY = "iPhone Developer";
				COPY_PHASE_STRIP = NO;
				DEBUG_INFORMATION_FORMAT = "dwarf-with-dsym";
				ENABLE_NS_ASSERTIONS = NO;
				ENABLE_STRICT_OBJC_MSGSEND = YES;
				GCC_C_LANGUAGE_STANDARD = gnu11;
				GCC_NO_COMMON_BLOCKS = YES;
				GCC_WARN_64_TO_32_BIT_CONVERSION = YES;
				GCC_WARN_ABOUT_RETURN_TYPE = YES_ERROR;
				GCC_WARN_UNDECLARED_SELECTOR = YES;
				GCC_WARN_UNINITIALIZED_AUTOS = YES_AGGRESSIVE;
				GCC_WARN_UNUSED_FUNCTION = YES;
				GCC_WARN_UNUSED_VARIABLE = YES;
				IPHONEOS_DEPLOYMENT_TARGET = 11.2;
				MTL_ENABLE_DEBUG_INFO = NO;
				SDKROOT = iphoneos;
				SWIFT_OPTIMIZATION_LEVEL = "-Owholemodule";
				VALIDATE_PRODUCT = YES;
			};
			name = Release;
		};
		A60741612189EE5B008BBB75 /* Debug */ = {
			isa = XCBuildConfiguration;
			baseConfigurationReference = 17DAB4C15E4F584B93AE93C1 /* Pods-SnapchatApp.debug.xcconfig */;
			buildSettings = {
				ASSETCATALOG_COMPILER_APPICON_NAME = AppIcon;
				CODE_SIGN_ENTITLEMENTS = SnapchatApp/SnapchatApp.entitlements;
				CODE_SIGN_STYLE = Automatic;
				DEVELOPMENT_TEAM = 59KRGYPPS4;
				INFOPLIST_FILE = SnapchatApp/Info.plist;
				LD_RUNPATH_SEARCH_PATHS = "$(inherited) @executable_path/Frameworks";
				PRODUCT_BUNDLE_IDENTIFIER = com.yanela.SnapchatApp;
				PRODUCT_NAME = "$(TARGET_NAME)";
				SWIFT_VERSION = 4.0;
				TARGETED_DEVICE_FAMILY = "1,2";
			};
			name = Debug;
		};
		A60741622189EE5B008BBB75 /* Release */ = {
			isa = XCBuildConfiguration;
			baseConfigurationReference = 5419F596ABE8C2756A1FAFA1 /* Pods-SnapchatApp.release.xcconfig */;
			buildSettings = {
				ASSETCATALOG_COMPILER_APPICON_NAME = AppIcon;
				CODE_SIGN_ENTITLEMENTS = SnapchatApp/SnapchatApp.entitlements;
				CODE_SIGN_STYLE = Automatic;
				DEVELOPMENT_TEAM = 59KRGYPPS4;
				INFOPLIST_FILE = SnapchatApp/Info.plist;
				LD_RUNPATH_SEARCH_PATHS = "$(inherited) @executable_path/Frameworks";
				PRODUCT_BUNDLE_IDENTIFIER = com.yanela.SnapchatApp;
				PRODUCT_NAME = "$(TARGET_NAME)";
				SWIFT_VERSION = 4.0;
				TARGETED_DEVICE_FAMILY = "1,2";
			};
			name = Release;
		};
/* End XCBuildConfiguration section */

/* Begin XCConfigurationList section */
		A60741462189EE5B008BBB75 /* Build configuration list for PBXProject "SnapchatApp" */ = {
			isa = XCConfigurationList;
			buildConfigurations = (
				A607415E2189EE5B008BBB75 /* Debug */,
				A607415F2189EE5B008BBB75 /* Release */,
			);
			defaultConfigurationIsVisible = 0;
			defaultConfigurationName = Release;
		};
		A60741602189EE5B008BBB75 /* Build configuration list for PBXNativeTarget "SnapchatApp" */ = {
			isa = XCConfigurationList;
			buildConfigurations = (
				A60741612189EE5B008BBB75 /* Debug */,
				A60741622189EE5B008BBB75 /* Release */,
			);
			defaultConfigurationIsVisible = 0;
			defaultConfigurationName = Release;
		};
/* End XCConfigurationList section */

/* Begin XCVersionGroup section */
		A60741552189EE5B008BBB75 /* SnapchatApp.xcdatamodeld */ = {
			isa = XCVersionGroup;
			children = (
				A60741562189EE5B008BBB75 /* SnapchatApp.xcdatamodel */,
			);
			currentVersion = A60741562189EE5B008BBB75 /* SnapchatApp.xcdatamodel */;
			path = SnapchatApp.xcdatamodeld;
			sourceTree = "<group>";
			versionGroupType = wrapper.xcdatamodel;
		};
/* End XCVersionGroup section */
	};
	rootObject = A60741432189EE5B008BBB75 /* Project object */;
}
